{
  "version": 4,
  "terraform_version": "0.12.12",
  "serial": 46,
  "lineage": "c99a3c25-582f-cf3f-5135-f43452f27075",
  "outputs": {},
  "resources": [
    {
      "module": "module.s3_bucket_module",
      "mode": "managed",
      "type": "aws_s3_bucket",
      "name": "public_bucket",
      "provider": "provider.aws",
      "instances": [
        {
          "schema_version": 0,
          "attributes": {
            "acceleration_status": "",
            "acl": "private",
            "arn": "arn:aws:s3:::my-s3-test-frontend-santhosh",
            "bucket": "my-s3-test-frontend-santhosh",
            "bucket_domain_name": "my-s3-test-frontend-santhosh.s3.amazonaws.com",
            "bucket_prefix": null,
            "bucket_regional_domain_name": "my-s3-test-frontend-santhosh.s3.us-west-2.amazonaws.com",
            "cors_rule": [],
            "force_destroy": false,
            "hosted_zone_id": "Z3BJ6K6RIION7M",
            "id": "my-s3-test-frontend-santhosh",
            "lifecycle_rule": [],
            "logging": [],
            "object_lock_configuration": [],
            "policy": null,
            "region": "us-west-2",
            "replication_configuration": [],
            "request_payer": "BucketOwner",
            "server_side_encryption_configuration": [],
            "tags": {
              "Environment": "test",
              "Name": "my-s3-test-frontend-santhosh"
            },
            "versioning": [
              {
                "enabled": false,
                "mfa_delete": false
              }
            ],
            "website": [
              {
                "error_document": "index.html",
                "index_document": "index.html",
                "redirect_all_requests_to": "",
                "routing_rules": ""
              }
            ],
            "website_domain": "s3-website-us-west-2.amazonaws.com",
            "website_endpoint": "my-s3-test-frontend-santhosh.s3-website-us-west-2.amazonaws.com"
          }
        }
      ]
    }
  ]
}
